# This file is automatically @generated by Poetry and should not be changed by hand.

[[package]]
name = "pika"
version = "1.3.2"
description = "Pika Python AMQP Client Library"
category = "main"
optional = false
python-versions = ">=3.7"
files = [
    {file = "pika-1.3.2-py3-none-any.whl", hash = "sha256:0779a7c1fafd805672796085560d290213a465e4f6f76a6fb19e378d8041a14f"},
    {file = "pika-1.3.2.tar.gz", hash = "sha256:b2a327ddddf8570b4965b3576ac77091b850262d34ce8c1d8cb4e4146aa4145f"},
]

[package.extras]
gevent = ["gevent"]
tornado = ["tornado"]
twisted = ["twisted"]

[metadata]
lock-version = "2.0"
python-versions = "^3.10"
content-hash = "86477365186706a055775671195cd81b2b1adf959a1b113049b6992a6c532ab9"
